
Microsoft Visual Studio Solution File, Format Version 12.00
# Visual Studio Version 17
VisualStudioVersion = 17.12.35527.113 d17.12
MinimumVisualStudioVersion = 10.0.40219.1
Project("{FAE04EC0-301F-11D3-BF4B-00C04F79EFBC}") = "UsuariosApp.API", "UsuariosApp.API\UsuariosApp.API.csproj", "{D8AADAE6-F6B6-432D-BFEA-0161CB531614}"
EndProject
Project("{FAE04EC0-301F-11D3-BF4B-00C04F79EFBC}") = "UsuariosApp.Tests", "UsuariosApp.Tests\UsuariosApp.Tests.csproj", "{F9DA9CA4-E9B0-428D-A489-2758D1719AA2}"
EndProject
Project("{2150E333-8FDC-42A3-9474-1A3956D46DE8}") = "Itens de Solução", "Itens de Solução", "{632F2FE6-B788-4D19-9C38-C60690540B2D}"
	ProjectSection(SolutionItems) = preProject
		docker-compose.yml = docker-compose.yml
	EndProjectSection
EndProject
Global
	GlobalSection(SolutionConfigurationPlatforms) = preSolution
		Debug|Any CPU = Debug|Any CPU
		Release|Any CPU = Release|Any CPU
	EndGlobalSection
	GlobalSection(ProjectConfigurationPlatforms) = postSolution
		{D8AADAE6-F6B6-432D-BFEA-0161CB531614}.Debug|Any CPU.ActiveCfg = Debug|Any CPU
		{D8AADAE6-F6B6-432D-BFEA-0161CB531614}.Debug|Any CPU.Build.0 = Debug|Any CPU
		{D8AADAE6-F6B6-432D-BFEA-0161CB531614}.Release|Any CPU.ActiveCfg = Release|Any CPU
		{D8AADAE6-F6B6-432D-BFEA-0161CB531614}.Release|Any CPU.Build.0 = Release|Any CPU
		{F9DA9CA4-E9B0-428D-A489-2758D1719AA2}.Debug|Any CPU.ActiveCfg = Debug|Any CPU
		{F9DA9CA4-E9B0-428D-A489-2758D1719AA2}.Debug|Any CPU.Build.0 = Debug|Any CPU
		{F9DA9CA4-E9B0-428D-A489-2758D1719AA2}.Release|Any CPU.ActiveCfg = Release|Any CPU
		{F9DA9CA4-E9B0-428D-A489-2758D1719AA2}.Release|Any CPU.Build.0 = Release|Any CPU
	EndGlobalSection
	GlobalSection(SolutionProperties) = preSolution
		HideSolutionNode = FALSE
	EndGlobalSection
EndGlobal
