
Microsoft Visual Studio Solution File, Format Version 12.00
# Visual Studio Version 17
VisualStudioVersion = 17.12.35527.113 d17.12
MinimumVisualStudioVersion = 10.0.40219.1
Project("{FAE04EC0-301F-11D3-BF4B-00C04F79EFBC}") = "UsuariosApp.API", "UsuariosApp.API\UsuariosApp.API.csproj", "{6ACB8E8A-2114-4674-AB5E-2216878BCA1B}"
EndProject
Project("{2150E333-8FDC-42A3-9474-1A3956D46DE8}") = "Itens de Solução", "Itens de Solução", "{95B92E84-C945-44D0-9D57-81A4CD9C4FC0}"
	ProjectSection(SolutionItems) = preProject
		docker-compose.yml = docker-compose.yml
	EndProjectSection
EndProject
Global
	GlobalSection(SolutionConfigurationPlatforms) = preSolution
		Debug|Any CPU = Debug|Any CPU
		Release|Any CPU = Release|Any CPU
	EndGlobalSection
	GlobalSection(ProjectConfigurationPlatforms) = postSolution
		{6ACB8E8A-2114-4674-AB5E-2216878BCA1B}.Debug|Any CPU.ActiveCfg = Debug|Any CPU
		{6ACB8E8A-2114-4674-AB5E-2216878BCA1B}.Debug|Any CPU.Build.0 = Debug|Any CPU
		{6ACB8E8A-2114-4674-AB5E-2216878BCA1B}.Release|Any CPU.ActiveCfg = Release|Any CPU
		{6ACB8E8A-2114-4674-AB5E-2216878BCA1B}.Release|Any CPU.Build.0 = Release|Any CPU
	EndGlobalSection
	GlobalSection(SolutionProperties) = preSolution
		HideSolutionNode = FALSE
	EndGlobalSection
EndGlobal
